
Microsoft Visual Studio Solution File, Format Version 12.00
# Visual Studio 15
VisualStudioVersion = 15.0.27130.2010
MinimumVisualStudioVersion = 10.0.40219.1
Project("{FAE04EC0-301F-11D3-BF4B-00C04F79EFBC}") = "Vidly", "Vidly\Vidly.csproj", "{AB22AA54-257C-49E3-858A-07FD4300E02B}"
EndProject
Project("{FAE04EC0-301F-11D3-BF4B-00C04F79EFBC}") = "Vidly.Tests", "Vidly.Tests\Vidly.Tests.csproj", "{27EEF50B-83EE-4BAC-A78A-1983D666B869}"
EndProject
Global
	GlobalSection(SolutionConfigurationPlatforms) = preSolution
		Debug|Any CPU = Debug|Any CPU
		Release|Any CPU = Release|Any CPU
	EndGlobalSection
	GlobalSection(ProjectConfigurationPlatforms) = postSolution
		{AB22AA54-257C-49E3-858A-07FD4300E02B}.Debug|Any CPU.ActiveCfg = Debug|Any CPU
		{AB22AA54-257C-49E3-858A-07FD4300E02B}.Debug|Any CPU.Build.0 = Debug|Any CPU
		{AB22AA54-257C-49E3-858A-07FD4300E02B}.Release|Any CPU.ActiveCfg = Release|Any CPU
		{AB22AA54-257C-49E3-858A-07FD4300E02B}.Release|Any CPU.Build.0 = Release|Any CPU
		{27EEF50B-83EE-4BAC-A78A-1983D666B869}.Debug|Any CPU.ActiveCfg = Debug|Any CPU
		{27EEF50B-83EE-4BAC-A78A-1983D666B869}.Debug|Any CPU.Build.0 = Debug|Any CPU
		{27EEF50B-83EE-4BAC-A78A-1983D666B869}.Release|Any CPU.ActiveCfg = Release|Any CPU
		{27EEF50B-83EE-4BAC-A78A-1983D666B869}.Release|Any CPU.Build.0 = Release|Any CPU
	EndGlobalSection
	GlobalSection(SolutionProperties) = preSolution
		HideSolutionNode = FALSE
	EndGlobalSection
	GlobalSection(ExtensibilityGlobals) = postSolution
		SolutionGuid = {EE21CC33-5CEA-45AC-95F4-B418BC6B550A}
	EndGlobalSection
EndGlobal
